// !$*UTF8*$!
{
	archiveVersion = 1;
	classes = {
	};
	objectVersion = 50;
	objects = {

/* Begin PBXBuildFile section */
		16DFF4D124CB9DB4005DAA2B /* WritingViewController.swift in Sources */ = {isa = PBXBuildFile; fileRef = 16DFF4D024CB9DB4005DAA2B /* WritingViewController.swift */; };
		16DFF4D324CB9DC3005DAA2B /* NoCalcViewController.swift in Sources */ = {isa = PBXBuildFile; fileRef = 16DFF4D224CB9DC3005DAA2B /* NoCalcViewController.swift */; };
		16DFF4D524CB9DCE005DAA2B /* CalcViewController.swift in Sources */ = {isa = PBXBuildFile; fileRef = 16DFF4D424CB9DCE005DAA2B /* CalcViewController.swift */; };
		16DFF4D724CB9DD8005DAA2B /* EssayViewController.swift in Sources */ = {isa = PBXBuildFile; fileRef = 16DFF4D624CB9DD8005DAA2B /* EssayViewController.swift */; };
		16FE895F24C9022D00C121A9 /* AppDelegate.swift in Sources */ = {isa = PBXBuildFile; fileRef = 16FE895E24C9022D00C121A9 /* AppDelegate.swift */; };
		16FE896124C9022D00C121A9 /* SceneDelegate.swift in Sources */ = {isa = PBXBuildFile; fileRef = 16FE896024C9022D00C121A9 /* SceneDelegate.swift */; };
		16FE896324C9022D00C121A9 /* ViewController.swift in Sources */ = {isa = PBXBuildFile; fileRef = 16FE896224C9022D00C121A9 /* ViewController.swift */; };
		16FE896624C9022D00C121A9 /* Main.storyboard in Resources */ = {isa = PBXBuildFile; fileRef = 16FE896424C9022D00C121A9 /* Main.storyboard */; };
		16FE896924C9022D00C121A9 /* AlarmClock.xcdatamodeld in Sources */ = {isa = PBXBuildFile; fileRef = 16FE896724C9022D00C121A9 /* AlarmClock.xcdatamodeld */; };
		16FE896B24C9023000C121A9 /* Assets.xcassets in Resources */ = {isa = PBXBuildFile; fileRef = 16FE896A24C9023000C121A9 /* Assets.xcassets */; };
		16FE896E24C9023000C121A9 /* LaunchScreen.storyboard in Resources */ = {isa = PBXBuildFile; fileRef = 16FE896C24C9023000C121A9 /* LaunchScreen.storyboard */; };
		16FE897924C9023100C121A9 /* AlarmClockTests.swift in Sources */ = {isa = PBXBuildFile; fileRef = 16FE897824C9023100C121A9 /* AlarmClockTests.swift */; };
		16FE898424C9023100C121A9 /* AlarmClockUITests.swift in Sources */ = {isa = PBXBuildFile; fileRef = 16FE898324C9023100C121A9 /* AlarmClockUITests.swift */; };
		16FE899224CB7F1900C121A9 /* ReadingViewController.swift in Sources */ = {isa = PBXBuildFile; fileRef = 16FE899124CB7F1900C121A9 /* ReadingViewController.swift */; };
/* End PBXBuildFile section */

/* Begin PBXContainerItemProxy section */
		16FE897524C9023100C121A9 /* PBXContainerItemProxy */ = {
			isa = PBXContainerItemProxy;
			containerPortal = 16FE895324C9022D00C121A9 /* Project object */;
			proxyType = 1;
			remoteGlobalIDString = 16FE895A24C9022D00C121A9;
			remoteInfo = AlarmClock;
		};
		16FE898024C9023100C121A9 /* PBXContainerItemProxy */ = {
			isa = PBXContainerItemProxy;
			containerPortal = 16FE895324C9022D00C121A9 /* Project object */;
			proxyType = 1;
			remoteGlobalIDString = 16FE895A24C9022D00C121A9;
			remoteInfo = AlarmClock;
		};
/* End PBXContainerItemProxy section */

/* Begin PBXFileReference section */
		16DFF4D024CB9DB4005DAA2B /* WritingViewController.swift */ = {isa = PBXFileReference; lastKnownFileType = sourcecode.swift; path = WritingViewController.swift; sourceTree = "<group>"; };
		16DFF4D224CB9DC3005DAA2B /* NoCalcViewController.swift */ = {isa = PBXFileReference; lastKnownFileType = sourcecode.swift; path = NoCalcViewController.swift; sourceTree = "<group>"; };
		16DFF4D424CB9DCE005DAA2B /* CalcViewController.swift */ = {isa = PBXFileReference; lastKnownFileType = sourcecode.swift; path = CalcViewController.swift; sourceTree = "<group>"; };
		16DFF4D624CB9DD8005DAA2B /* EssayViewController.swift */ = {isa = PBXFileReference; lastKnownFileType = sourcecode.swift; path = EssayViewController.swift; sourceTree = "<group>"; };
		16FE895B24C9022D00C121A9 /* AlarmClock.app */ = {isa = PBXFileReference; explicitFileType = wrapper.application; includeInIndex = 0; path = AlarmClock.app; sourceTree = BUILT_PRODUCTS_DIR; };
		16FE895E24C9022D00C121A9 /* AppDelegate.swift */ = {isa = PBXFileReference; lastKnownFileType = sourcecode.swift; path = AppDelegate.swift; sourceTree = "<group>"; };
		16FE896024C9022D00C121A9 /* SceneDelegate.swift */ = {isa = PBXFileReference; lastKnownFileType = sourcecode.swift; path = SceneDelegate.swift; sourceTree = "<group>"; };
		16FE896224C9022D00C121A9 /* ViewController.swift */ = {isa = PBXFileReference; lastKnownFileType = sourcecode.swift; path = ViewController.swift; sourceTree = "<group>"; };
		16FE896524C9022D00C121A9 /* Base */ = {isa = PBXFileReference; lastKnownFileType = file.storyboard; name = Base; path = Base.lproj/Main.storyboard; sourceTree = "<group>"; };
		16FE896824C9022D00C121A9 /* AlarmClock.xcdatamodel */ = {isa = PBXFileReference; lastKnownFileType = wrapper.xcdatamodel; path = AlarmClock.xcdatamodel; sourceTree = "<group>"; };
		16FE896A24C9023000C121A9 /* Assets.xcassets */ = {isa = PBXFileReference; lastKnownFileType = folder.assetcatalog; path = Assets.xcassets; sourceTree = "<group>"; };
		16FE896D24C9023000C121A9 /* Base */ = {isa = PBXFileReference; lastKnownFileType = file.storyboard; name = Base; path = Base.lproj/LaunchScreen.storyboard; sourceTree = "<group>"; };
		16FE896F24C9023000C121A9 /* Info.plist */ = {isa = PBXFileReference; lastKnownFileType = text.plist.xml; path = Info.plist; sourceTree = "<group>"; };
		16FE897424C9023100C121A9 /* AlarmClockTests.xctest */ = {isa = PBXFileReference; explicitFileType = wrapper.cfbundle; includeInIndex = 0; path = AlarmClockTests.xctest; sourceTree = BUILT_PRODUCTS_DIR; };
		16FE897824C9023100C121A9 /* AlarmClockTests.swift */ = {isa = PBXFileReference; lastKnownFileType = sourcecode.swift; path = AlarmClockTests.swift; sourceTree = "<group>"; };
		16FE897A24C9023100C121A9 /* Info.plist */ = {isa = PBXFileReference; lastKnownFileType = text.plist.xml; path = Info.plist; sourceTree = "<group>"; };
		16FE897F24C9023100C121A9 /* AlarmClockUITests.xctest */ = {isa = PBXFileReference; explicitFileType = wrapper.cfbundle; includeInIndex = 0; path = AlarmClockUITests.xctest; sourceTree = BUILT_PRODUCTS_DIR; };
		16FE898324C9023100C121A9 /* AlarmClockUITests.swift */ = {isa = PBXFileReference; lastKnownFileType = sourcecode.swift; path = AlarmClockUITests.swift; sourceTree = "<group>"; };
		16FE898524C9023100C121A9 /* Info.plist */ = {isa = PBXFileReference; lastKnownFileType = text.plist.xml; path = Info.plist; sourceTree = "<group>"; };
		16FE899124CB7F1900C121A9 /* ReadingViewController.swift */ = {isa = PBXFileReference; lastKnownFileType = sourcecode.swift; path = ReadingViewController.swift; sourceTree = "<group>"; };
/* End PBXFileReference section */

/* Begin PBXFrameworksBuildPhase section */
		16FE895824C9022D00C121A9 /* Frameworks */ = {
			isa = PBXFrameworksBuildPhase;
			buildActionMask = 2147483647;
			files = (
			);
			runOnlyForDeploymentPostprocessing = 0;
		};
		16FE897124C9023100C121A9 /* Frameworks */ = {
			isa = PBXFrameworksBuildPhase;
			buildActionMask = 2147483647;
			files = (
			);
			runOnlyForDeploymentPostprocessing = 0;
		};
		16FE897C24C9023100C121A9 /* Frameworks */ = {
			isa = PBXFrameworksBuildPhase;
			buildActionMask = 2147483647;
			files = (
			);
			runOnlyForDeploymentPostprocessing = 0;
		};
/* End PBXFrameworksBuildPhase section */

/* Begin PBXGroup section */
		16FE895224C9022D00C121A9 = {
			isa = PBXGroup;
			children = (
				16FE895D24C9022D00C121A9 /* AlarmClock */,
				16FE897724C9023100C121A9 /* AlarmClockTests */,
				16FE898224C9023100C121A9 /* AlarmClockUITests */,
				16FE895C24C9022D00C121A9 /* Products */,
			);
			sourceTree = "<group>";
		};
		16FE895C24C9022D00C121A9 /* Products */ = {
			isa = PBXGroup;
			children = (
				16FE895B24C9022D00C121A9 /* AlarmClock.app */,
				16FE897424C9023100C121A9 /* AlarmClockTests.xctest */,
				16FE897F24C9023100C121A9 /* AlarmClockUITests.xctest */,
			);
			name = Products;
			sourceTree = "<group>";
		};
		16FE895D24C9022D00C121A9 /* AlarmClock */ = {
			isa = PBXGroup;
			children = (
				16FE895E24C9022D00C121A9 /* AppDelegate.swift */,
				16FE896024C9022D00C121A9 /* SceneDelegate.swift */,
				16FE896224C9022D00C121A9 /* ViewController.swift */,
				16FE896424C9022D00C121A9 /* Main.storyboard */,
				16FE896A24C9023000C121A9 /* Assets.xcassets */,
				16FE896C24C9023000C121A9 /* LaunchScreen.storyboard */,
				16FE896F24C9023000C121A9 /* Info.plist */,
				16FE896724C9022D00C121A9 /* AlarmClock.xcdatamodeld */,
				16FE899124CB7F1900C121A9 /* ReadingViewController.swift */,
				16DFF4D024CB9DB4005DAA2B /* WritingViewController.swift */,
				16DFF4D224CB9DC3005DAA2B /* NoCalcViewController.swift */,
				16DFF4D424CB9DCE005DAA2B /* CalcViewController.swift */,
				16DFF4D624CB9DD8005DAA2B /* EssayViewController.swift */,
			);
			path = AlarmClock;
			sourceTree = "<group>";
		};
		16FE897724C9023100C121A9 /* AlarmClockTests */ = {
			isa = PBXGroup;
			children = (
				16FE897824C9023100C121A9 /* AlarmClockTests.swift */,
				16FE897A24C9023100C121A9 /* Info.plist */,
			);
			path = AlarmClockTests;
			sourceTree = "<group>";
		};
		16FE898224C9023100C121A9 /* AlarmClockUITests */ = {
			isa = PBXGroup;
			children = (
				16FE898324C9023100C121A9 /* AlarmClockUITests.swift */,
				16FE898524C9023100C121A9 /* Info.plist */,
			);
			path = AlarmClockUITests;
			sourceTree = "<group>";
		};
/* End PBXGroup section */

/* Begin PBXNativeTarget section */
		16FE895A24C9022D00C121A9 /* AlarmClock */ = {
			isa = PBXNativeTarget;
			buildConfigurationList = 16FE898824C9023100C121A9 /* Build configuration list for PBXNativeTarget "AlarmClock" */;
			buildPhases = (
				16FE895724C9022D00C121A9 /* Sources */,
				16FE895824C9022D00C121A9 /* Frameworks */,
				16FE895924C9022D00C121A9 /* Resources */,
			);
			buildRules = (
			);
			dependencies = (
			);
			name = AlarmClock;
			productName = AlarmClock;
			productReference = 16FE895B24C9022D00C121A9 /* AlarmClock.app */;
			productType = "com.apple.product-type.application";
		};
		16FE897324C9023100C121A9 /* AlarmClockTests */ = {
			isa = PBXNativeTarget;
			buildConfigurationList = 16FE898B24C9023100C121A9 /* Build configuration list for PBXNativeTarget "AlarmClockTests" */;
			buildPhases = (
				16FE897024C9023100C121A9 /* Sources */,
				16FE897124C9023100C121A9 /* Frameworks */,
				16FE897224C9023100C121A9 /* Resources */,
			);
			buildRules = (
			);
			dependencies = (
				16FE897624C9023100C121A9 /* PBXTargetDependency */,
			);
			name = AlarmClockTests;
			productName = AlarmClockTests;
			productReference = 16FE897424C9023100C121A9 /* AlarmClockTests.xctest */;
			productType = "com.apple.product-type.bundle.unit-test";
		};
		16FE897E24C9023100C121A9 /* AlarmClockUITests */ = {
			isa = PBXNativeTarget;
			buildConfigurationList = 16FE898E24C9023100C121A9 /* Build configuration list for PBXNativeTarget "AlarmClockUITests" */;
			buildPhases = (
				16FE897B24C9023100C121A9 /* Sources */,
				16FE897C24C9023100C121A9 /* Frameworks */,
				16FE897D24C9023100C121A9 /* Resources */,
			);
			buildRules = (
			);
			dependencies = (
				16FE898124C9023100C121A9 /* PBXTargetDependency */,
			);
			name = AlarmClockUITests;
			productName = AlarmClockUITests;
			productReference = 16FE897F24C9023100C121A9 /* AlarmClockUITests.xctest */;
			productType = "com.apple.product-type.bundle.ui-testing";
		};
/* End PBXNativeTarget section */

/* Begin PBXProject section */
		16FE895324C9022D00C121A9 /* Project object */ = {
			isa = PBXProject;
			attributes = {
				LastSwiftUpdateCheck = 1150;
				LastUpgradeCheck = 1150;
				ORGANIZATIONNAME = Ipsita;
				TargetAttributes = {
					16FE895A24C9022D00C121A9 = {
						CreatedOnToolsVersion = 11.5;
					};
					16FE897324C9023100C121A9 = {
						CreatedOnToolsVersion = 11.5;
						TestTargetID = 16FE895A24C9022D00C121A9;
					};
					16FE897E24C9023100C121A9 = {
						CreatedOnToolsVersion = 11.5;
						TestTargetID = 16FE895A24C9022D00C121A9;
					};
				};
			};
			buildConfigurationList = 16FE895624C9022D00C121A9 /* Build configuration list for PBXProject "AlarmClock" */;
			compatibilityVersion = "Xcode 9.3";
			developmentRegion = en;
			hasScannedForEncodings = 0;
			knownRegions = (
				en,
				Base,
			);
			mainGroup = 16FE895224C9022D00C121A9;
			productRefGroup = 16FE895C24C9022D00C121A9 /* Products */;
			projectDirPath = "";
			projectRoot = "";
			targets = (
				16FE895A24C9022D00C121A9 /* AlarmClock */,
				16FE897324C9023100C121A9 /* AlarmClockTests */,
				16FE897E24C9023100C121A9 /* AlarmClockUITests */,
			);
		};
/* End PBXProject section */

/* Begin PBXResourcesBuildPhase section */
		16FE895924C9022D00C121A9 /* Resources */ = {
			isa = PBXResourcesBuildPhase;
			buildActionMask = 2147483647;
			files = (
				16FE896E24C9023000C121A9 /* LaunchScreen.storyboard in Resources */,
				16FE896B24C9023000C121A9 /* Assets.xcassets in Resources */,
				16FE896624C9022D00C121A9 /* Main.storyboard in Resources */,
			);
			runOnlyForDeploymentPostprocessing = 0;
		};
		16FE897224C9023100C121A9 /* Resources */ = {
			isa = PBXResourcesBuildPhase;
			buildActionMask = 2147483647;
			files = (
			);
			runOnlyForDeploymentPostprocessing = 0;
		};
		16FE897D24C9023100C121A9 /* Resources */ = {
			isa = PBXResourcesBuildPhase;
			buildActionMask = 2147483647;
			files = (
			);
			runOnlyForDeploymentPostprocessing = 0;
		};
/* End PBXResourcesBuildPhase section */

/* Begin PBXSourcesBuildPhase section */
		16FE895724C9022D00C121A9 /* Sources */ = {
			isa = PBXSourcesBuildPhase;
			buildActionMask = 2147483647;
			files = (
				16FE896924C9022D00C121A9 /* AlarmClock.xcdatamodeld in Sources */,
				16DFF4D324CB9DC3005DAA2B /* NoCalcViewController.swift in Sources */,
				16DFF4D724CB9DD8005DAA2B /* EssayViewController.swift in Sources */,
				16DFF4D124CB9DB4005DAA2B /* WritingViewController.swift in Sources */,
				16FE896324C9022D00C121A9 /* ViewController.swift in Sources */,
				16FE899224CB7F1900C121A9 /* ReadingViewController.swift in Sources */,
				16DFF4D524CB9DCE005DAA2B /* CalcViewController.swift in Sources */,
				16FE895F24C9022D00C121A9 /* AppDelegate.swift in Sources */,
				16FE896124C9022D00C121A9 /* SceneDelegate.swift in Sources */,
			);
			runOnlyForDeploymentPostprocessing = 0;
		};
		16FE897024C9023100C121A9 /* Sources */ = {
			isa = PBXSourcesBuildPhase;
			buildActionMask = 2147483647;
			files = (
				16FE897924C9023100C121A9 /* AlarmClockTests.swift in Sources */,
			);
			runOnlyForDeploymentPostprocessing = 0;
		};
		16FE897B24C9023100C121A9 /* Sources */ = {
			isa = PBXSourcesBuildPhase;
			buildActionMask = 2147483647;
			files = (
				16FE898424C9023100C121A9 /* AlarmClockUITests.swift in Sources */,
			);
			runOnlyForDeploymentPostprocessing = 0;
		};
/* End PBXSourcesBuildPhase section */

/* Begin PBXTargetDependency section */
		16FE897624C9023100C121A9 /* PBXTargetDependency */ = {
			isa = PBXTargetDependency;
			target = 16FE895A24C9022D00C121A9 /* AlarmClock */;
			targetProxy = 16FE897524C9023100C121A9 /* PBXContainerItemProxy */;
		};
		16FE898124C9023100C121A9 /* PBXTargetDependency */ = {
			isa = PBXTargetDependency;
			target = 16FE895A24C9022D00C121A9 /* AlarmClock */;
			targetProxy = 16FE898024C9023100C121A9 /* PBXContainerItemProxy */;
		};
/* End PBXTargetDependency section */

/* Begin PBXVariantGroup section */
		16FE896424C9022D00C121A9 /* Main.storyboard */ = {
			isa = PBXVariantGroup;
			children = (
				16FE896524C9022D00C121A9 /* Base */,
			);
			name = Main.storyboard;
			sourceTree = "<group>";
		};
		16FE896C24C9023000C121A9 /* LaunchScreen.storyboard */ = {
			isa = PBXVariantGroup;
			children = (
				16FE896D24C9023000C121A9 /* Base */,
			);
			name = LaunchScreen.storyboard;
			sourceTree = "<group>";
		};
/* End PBXVariantGroup section */

/* Begin XCBuildConfiguration section */
		16FE898624C9023100C121A9 /* Debug */ = {
			isa = XCBuildConfiguration;
			buildSettings = {
				ALWAYS_SEARCH_USER_PATHS = NO;
				CLANG_ANALYZER_NONNULL = YES;
				CLANG_ANALYZER_NUMBER_OBJECT_CONVERSION = YES_AGGRESSIVE;
				CLANG_CXX_LANGUAGE_STANDARD = "gnu++14";
				CLANG_CXX_LIBRARY = "libc++";
				CLANG_ENABLE_MODULES = YES;
				CLANG_ENABLE_OBJC_ARC = YES;
				CLANG_ENABLE_OBJC_WEAK = YES;
				CLANG_WARN_BLOCK_CAPTURE_AUTORELEASING = YES;
				CLANG_WARN_BOOL_CONVERSION = YES;
				CLANG_WARN_COMMA = YES;
				CLANG_WARN_CONSTANT_CONVERSION = YES;
				CLANG_WARN_DEPRECATED_OBJC_IMPLEMENTATIONS = YES;
				CLANG_WARN_DIRECT_OBJC_ISA_USAGE = YES_ERROR;
				CLANG_WARN_DOCUMENTATION_COMMENTS = YES;
				CLANG_WARN_EMPTY_BODY = YES;
				CLANG_WARN_ENUM_CONVERSION = YES;
				CLANG_WARN_INFINITE_RECURSION = YES;
				CLANG_WARN_INT_CONVERSION = YES;
				CLANG_WARN_NON_LITERAL_NULL_CONVERSION = YES;
				CLANG_WARN_OBJC_IMPLICIT_RETAIN_SELF = YES;
				CLANG_WARN_OBJC_LITERAL_CONVERSION = YES;
				CLANG_WARN_OBJC_ROOT_CLASS = YES_ERROR;
				CLANG_WARN_RANGE_LOOP_ANALYSIS = YES;
				CLANG_WARN_STRICT_PROTOTYPES = YES;
				CLANG_WARN_SUSPICIOUS_MOVE = YES;
				CLANG_WARN_UNGUARDED_AVAILABILITY = YES_AGGRESSIVE;
				CLANG_WARN_UNREACHABLE_CODE = YES;
				CLANG_WARN__DUPLICATE_METHOD_MATCH = YES;
				COPY_PHASE_STRIP = NO;
				DEBUG_INFORMATION_FORMAT = dwarf;
				ENABLE_STRICT_OBJC_MSGSEND = YES;
				ENABLE_TESTABILITY = YES;
				GCC_C_LANGUAGE_STANDARD = gnu11;
				GCC_DYNAMIC_NO_PIC = NO;
				GCC_NO_COMMON_BLOCKS = YES;
				GCC_OPTIMIZATION_LEVEL = 0;
				GCC_PREPROCESSOR_DEFINITIONS = (
					"DEBUG=1",
					"$(inherited)",
				);
				GCC_WARN_64_TO_32_BIT_CONVERSION = YES;
				GCC_WARN_ABOUT_RETURN_TYPE = YES_ERROR;
				GCC_WARN_UNDECLARED_SELECTOR = YES;
				GCC_WARN_UNINITIALIZED_AUTOS = YES_AGGRESSIVE;
				GCC_WARN_UNUSED_FUNCTION = YES;
				GCC_WARN_UNUSED_VARIABLE = YES;
				IPHONEOS_DEPLOYMENT_TARGET = 13.5;
				MTL_ENABLE_DEBUG_INFO = INCLUDE_SOURCE;
				MTL_FAST_MATH = YES;
				ONLY_ACTIVE_ARCH = YES;
				SDKROOT = iphoneos;
				SWIFT_ACTIVE_COMPILATION_CONDITIONS = DEBUG;
				SWIFT_OPTIMIZATION_LEVEL = "-Onone";
			};
			name = Debug;
		};
		16FE898724C9023100C121A9 /* Release */ = {
			isa = XCBuildConfiguration;
			buildSettings = {
				ALWAYS_SEARCH_USER_PATHS = NO;
				CLANG_ANALYZER_NONNULL = YES;
				CLANG_ANALYZER_NUMBER_OBJECT_CONVERSION = YES_AGGRESSIVE;
				CLANG_CXX_LANGUAGE_STANDARD = "gnu++14";
				CLANG_CXX_LIBRARY = "libc++";
				CLANG_ENABLE_MODULES = YES;
				CLANG_ENABLE_OBJC_ARC = YES;
				CLANG_ENABLE_OBJC_WEAK = YES;
				CLANG_WARN_BLOCK_CAPTURE_AUTORELEASING = YES;
				CLANG_WARN_BOOL_CONVERSION = YES;
				CLANG_WARN_COMMA = YES;
				CLANG_WARN_CONSTANT_CONVERSION = YES;
				CLANG_WARN_DEPRECATED_OBJC_IMPLEMENTATIONS = YES;
				CLANG_WARN_DIRECT_OBJC_ISA_USAGE = YES_ERROR;
				CLANG_WARN_DOCUMENTATION_COMMENTS = YES;
				CLANG_WARN_EMPTY_BODY = YES;
				CLANG_WARN_ENUM_CONVERSION = YES;
				CLANG_WARN_INFINITE_RECURSION = YES;
				CLANG_WARN_INT_CONVERSION = YES;
				CLANG_WARN_NON_LITERAL_NULL_CONVERSION = YES;
				CLANG_WARN_OBJC_IMPLICIT_RETAIN_SELF = YES;
				CLANG_WARN_OBJC_LITERAL_CONVERSION = YES;
				CLANG_WARN_OBJC_ROOT_CLASS = YES_ERROR;
				CLANG_WARN_RANGE_LOOP_ANALYSIS = YES;
				CLANG_WARN_STRICT_PROTOTYPES = YES;
				CLANG_WARN_SUSPICIOUS_MOVE = YES;
				CLANG_WARN_UNGUARDED_AVAILABILITY = YES_AGGRESSIVE;
				CLANG_WARN_UNREACHABLE_CODE = YES;
				CLANG_WARN__DUPLICATE_METHOD_MATCH = YES;
				COPY_PHASE_STRIP = NO;
				DEBUG_INFORMATION_FORMAT = "dwarf-with-dsym";
				ENABLE_NS_ASSERTIONS = NO;
				ENABLE_STRICT_OBJC_MSGSEND = YES;
				GCC_C_LANGUAGE_STANDARD = gnu11;
				GCC_NO_COMMON_BLOCKS = YES;
				GCC_WARN_64_TO_32_BIT_CONVERSION = YES;
				GCC_WARN_ABOUT_RETURN_TYPE = YES_ERROR;
				GCC_WARN_UNDECLARED_SELECTOR = YES;
				GCC_WARN_UNINITIALIZED_AUTOS = YES_AGGRESSIVE;
				GCC_WARN_UNUSED_FUNCTION = YES;
				GCC_WARN_UNUSED_VARIABLE = YES;
				IPHONEOS_DEPLOYMENT_TARGET = 13.5;
				MTL_ENABLE_DEBUG_INFO = NO;
				MTL_FAST_MATH = YES;
				SDKROOT = iphoneos;
				SWIFT_COMPILATION_MODE = wholemodule;
				SWIFT_OPTIMIZATION_LEVEL = "-O";
				VALIDATE_PRODUCT = YES;
			};
			name = Release;
		};
		16FE898924C9023100C121A9 /* Debug */ = {
			isa = XCBuildConfiguration;
			buildSettings = {
				ASSETCATALOG_COMPILER_APPICON_NAME = AppIcon;
				CODE_SIGN_STYLE = Automatic;
				DEVELOPMENT_TEAM = SCDB4NC599;
				INFOPLIST_FILE = AlarmClock/Info.plist;
				LD_RUNPATH_SEARCH_PATHS = (
					"$(inherited)",
					"@executable_path/Frameworks",
				);
				PRODUCT_BUNDLE_IDENTIFIER = Ipsita.AlarmClock;
				PRODUCT_NAME = "$(TARGET_NAME)";
				SWIFT_VERSION = 5.0;
				TARGETED_DEVICE_FAMILY = "1,2";
			};
			name = Debug;
		};
		16FE898A24C9023100C121A9 /* Release */ = {
			isa = XCBuildConfiguration;
			buildSettings = {
				ASSETCATALOG_COMPILER_APPICON_NAME = AppIcon;
				CODE_SIGN_STYLE = Automatic;
				DEVELOPMENT_TEAM = SCDB4NC599;
				INFOPLIST_FILE = AlarmClock/Info.plist;
				LD_RUNPATH_SEARCH_PATHS = (
					"$(inherited)",
					"@executable_path/Frameworks",
				);
				PRODUCT_BUNDLE_IDENTIFIER = Ipsita.AlarmClock;
				PRODUCT_NAME = "$(TARGET_NAME)";
				SWIFT_VERSION = 5.0;
				TARGETED_DEVICE_FAMILY = "1,2";
			};
			name = Release;
		};
		16FE898C24C9023100C121A9 /* Debug */ = {
			isa = XCBuildConfiguration;
			buildSettings = {
				ALWAYS_EMBED_SWIFT_STANDARD_LIBRARIES = YES;
				BUNDLE_LOADER = "$(TEST_HOST)";
				CODE_SIGN_STYLE = Automatic;
				DEVELOPMENT_TEAM = SCDB4NC599;
				INFOPLIST_FILE = AlarmClockTests/Info.plist;
				IPHONEOS_DEPLOYMENT_TARGET = 13.5;
				LD_RUNPATH_SEARCH_PATHS = (
					"$(inherited)",
					"@executable_path/Frameworks",
					"@loader_path/Frameworks",
				);
				PRODUCT_BUNDLE_IDENTIFIER = Ipsita.AlarmClockTests;
				PRODUCT_NAME = "$(TARGET_NAME)";
				SWIFT_VERSION = 5.0;
				TARGETED_DEVICE_FAMILY = "1,2";
				TEST_HOST = "$(BUILT_PRODUCTS_DIR)/AlarmClock.app/AlarmClock";
			};
			name = Debug;
		};
		16FE898D24C9023100C121A9 /* Release */ = {
			isa = XCBuildConfiguration;
			buildSettings = {
				ALWAYS_EMBED_SWIFT_STANDARD_LIBRARIES = YES;
				BUNDLE_LOADER = "$(TEST_HOST)";
				CODE_SIGN_STYLE = Automatic;
				DEVELOPMENT_TEAM = SCDB4NC599;
				INFOPLIST_FILE = AlarmClockTests/Info.plist;
				IPHONEOS_DEPLOYMENT_TARGET = 13.5;
				LD_RUNPATH_SEARCH_PATHS = (
					"$(inherited)",
					"@executable_path/Frameworks",
					"@loader_path/Frameworks",
				);
				PRODUCT_BUNDLE_IDENTIFIER = Ipsita.AlarmClockTests;
				PRODUCT_NAME = "$(TARGET_NAME)";
				SWIFT_VERSION = 5.0;
				TARGETED_DEVICE_FAMILY = "1,2";
				TEST_HOST = "$(BUILT_PRODUCTS_DIR)/AlarmClock.app/AlarmClock";
			};
			name = Release;
		};
		16FE898F24C9023100C121A9 /* Debug */ = {
			isa = XCBuildConfiguration;
			buildSettings = {
				ALWAYS_EMBED_SWIFT_STANDARD_LIBRARIES = YES;
				CODE_SIGN_STYLE = Automatic;
				DEVELOPMENT_TEAM = SCDB4NC599;
				INFOPLIST_FILE = AlarmClockUITests/Info.plist;
				LD_RUNPATH_SEARCH_PATHS = (
					"$(inherited)",
					"@executable_path/Frameworks",
					"@loader_path/Frameworks",
				);
				PRODUCT_BUNDLE_IDENTIFIER = Ipsita.AlarmClockUITests;
				PRODUCT_NAME = "$(TARGET_NAME)";
				SWIFT_VERSION = 5.0;
				TARGETED_DEVICE_FAMILY = "1,2";
				TEST_TARGET_NAME = AlarmClock;
			};
			name = Debug;
		};
		16FE899024C9023100C121A9 /* Release */ = {
			isa = XCBuildConfiguration;
			buildSettings = {
				ALWAYS_EMBED_SWIFT_STANDARD_LIBRARIES = YES;
				CODE_SIGN_STYLE = Automatic;
				DEVELOPMENT_TEAM = SCDB4NC599;
				INFOPLIST_FILE = AlarmClockUITests/Info.plist;
				LD_RUNPATH_SEARCH_PATHS = (
					"$(inherited)",
					"@executable_path/Frameworks",
					"@loader_path/Frameworks",
				);
				PRODUCT_BUNDLE_IDENTIFIER = Ipsita.AlarmClockUITests;
				PRODUCT_NAME = "$(TARGET_NAME)";
				SWIFT_VERSION = 5.0;
				TARGETED_DEVICE_FAMILY = "1,2";
				TEST_TARGET_NAME = AlarmClock;
			};
			name = Release;
		};
/* End XCBuildConfiguration section */

/* Begin XCConfigurationList section */
		16FE895624C9022D00C121A9 /* Build configuration list for PBXProject "AlarmClock" */ = {
			isa = XCConfigurationList;
			buildConfigurations = (
				16FE898624C9023100C121A9 /* Debug */,
				16FE898724C9023100C121A9 /* Release */,
			);
			defaultConfigurationIsVisible = 0;
			defaultConfigurationName = Release;
		};
		16FE898824C9023100C121A9 /* Build configuration list for PBXNativeTarget "AlarmClock" */ = {
			isa = XCConfigurationList;
			buildConfigurations = (
				16FE898924C9023100C121A9 /* Debug */,
				16FE898A24C9023100C121A9 /* Release */,
			);
			defaultConfigurationIsVisible = 0;
			defaultConfigurationName = Release;
		};
		16FE898B24C9023100C121A9 /* Build configuration list for PBXNativeTarget "AlarmClockTests" */ = {
			isa = XCConfigurationList;
			buildConfigurations = (
				16FE898C24C9023100C121A9 /* Debug */,
				16FE898D24C9023100C121A9 /* Release */,
			);
			defaultConfigurationIsVisible = 0;
			defaultConfigurationName = Release;
		};
		16FE898E24C9023100C121A9 /* Build configuration list for PBXNativeTarget "AlarmClockUITests" */ = {
			isa = XCConfigurationList;
			buildConfigurations = (
				16FE898F24C9023100C121A9 /* Debug */,
				16FE899024C9023100C121A9 /* Release */,
			);
			defaultConfigurationIsVisible = 0;
			defaultConfigurationName = Release;
		};
/* End XCConfigurationList section */

/* Begin XCVersionGroup section */
		16FE896724C9022D00C121A9 /* AlarmClock.xcdatamodeld */ = {
			isa = XCVersionGroup;
			children = (
				16FE896824C9022D00C121A9 /* AlarmClock.xcdatamodel */,
			);
			currentVersion = 16FE896824C9022D00C121A9 /* AlarmClock.xcdatamodel */;
			path = AlarmClock.xcdatamodeld;
			sourceTree = "<group>";
			versionGroupType = wrapper.xcdatamodel;
		};
/* End XCVersionGroup section */
	};
	rootObject = 16FE895324C9022D00C121A9 /* Project object */;
}
